
Microsoft Visual Studio Solution File, Format Version 12.00
Project("{FAE04EC0-301F-11D3-BF4B-00C04F79EFBC}") = "TaskManager", "TaskManager\TaskManager.csproj", "{6C8AEE0F-C0B6-4E0F-A82C-C52528B40BA5}"
EndProject
Project("{FAE04EC0-301F-11D3-BF4B-00C04F79EFBC}") = "TaskManager.Tests", "TaskManager.Tests\TaskManager.Tests.csproj", "{5E870939-D451-48CC-9E4D-10D9F6A8F655}"
EndProject
Global
	GlobalSection(SolutionConfigurationPlatforms) = preSolution
		Debug|Any CPU = Debug|Any CPU
		Release|Any CPU = Release|Any CPU
	EndGlobalSection
	GlobalSection(ProjectConfigurationPlatforms) = postSolution
		{6C8AEE0F-C0B6-4E0F-A82C-C52528B40BA5}.Debug|Any CPU.ActiveCfg = Debug|Any CPU
		{6C8AEE0F-C0B6-4E0F-A82C-C52528B40BA5}.Debug|Any CPU.Build.0 = Debug|Any CPU
		{6C8AEE0F-C0B6-4E0F-A82C-C52528B40BA5}.Release|Any CPU.ActiveCfg = Release|Any CPU
		{6C8AEE0F-C0B6-4E0F-A82C-C52528B40BA5}.Release|Any CPU.Build.0 = Release|Any CPU
		{5E870939-D451-48CC-9E4D-10D9F6A8F655}.Debug|Any CPU.ActiveCfg = Debug|Any CPU
		{5E870939-D451-48CC-9E4D-10D9F6A8F655}.Debug|Any CPU.Build.0 = Debug|Any CPU
		{5E870939-D451-48CC-9E4D-10D9F6A8F655}.Release|Any CPU.ActiveCfg = Release|Any CPU
		{5E870939-D451-48CC-9E4D-10D9F6A8F655}.Release|Any CPU.Build.0 = Release|Any CPU
	EndGlobalSection
EndGlobal
